// !$*UTF8*$!
{
	archiveVersion = 1;
	classes = {
	};
	objectVersion = 50;
	objects = {

/* Begin PBXBuildFile section */
		4871665A2141ADEA00F0B413 /* SwiftCrypto.framework in Frameworks */ = {isa = PBXBuildFile; fileRef = 487166572141ADEA00F0B413 /* SwiftCrypto.framework */; };
		4871665B2141ADEA00F0B413 /* BigInt.framework in Frameworks */ = {isa = PBXBuildFile; fileRef = 487166582141ADEA00F0B413 /* BigInt.framework */; };
		4871665C2141ADEA00F0B413 /* SipHash.framework in Frameworks */ = {isa = PBXBuildFile; fileRef = 487166592141ADEA00F0B413 /* SipHash.framework */; };
		48E76FB420B9D6210027A3FE /* ZilliqaSDK_macOS.h in Headers */ = {isa = PBXBuildFile; fileRef = 48E76FB120B9D6160027A3FE /* ZilliqaSDK_macOS.h */; settings = {ATTRIBUTES = (Public, ); }; };
		48ED060E20B8618F00C639E5 /* ZilliqaSDK.framework in Frameworks */ = {isa = PBXBuildFile; fileRef = 48ED060520B8618F00C639E5 /* ZilliqaSDK.framework */; };
		48ED0E5020E7F150005DA19C /* Wallet.swift in Sources */ = {isa = PBXBuildFile; fileRef = 48F70A7820B811330027B72D /* Wallet.swift */; };
		48ED0E5220E7F155005DA19C /* Nonce.swift in Sources */ = {isa = PBXBuildFile; fileRef = 48F70A7E20B812990027B72D /* Nonce.swift */; };
		48ED0E5320E7F158005DA19C /* Amount.swift in Sources */ = {isa = PBXBuildFile; fileRef = 48F70A7B20B811A00027B72D /* Amount.swift */; };
		48ED0E5420E7F15D005DA19C /* Payment.swift in Sources */ = {isa = PBXBuildFile; fileRef = 48F70A4A20B7F55B0027B72D /* Payment.swift */; };
		48ED0E5520E7F15D005DA19C /* Gas.swift in Sources */ = {isa = PBXBuildFile; fileRef = 48F70A4C20B7F9940027B72D /* Gas.swift */; };
		48ED0E6820E805AA005DA19C /* PrivateKeyTests.swift in Sources */ = {isa = PBXBuildFile; fileRef = 48ED0E6720E805AA005DA19C /* PrivateKeyTests.swift */; };
		48ED0E6920E805AA005DA19C /* PrivateKeyTests.swift in Sources */ = {isa = PBXBuildFile; fileRef = 48ED0E6720E805AA005DA19C /* PrivateKeyTests.swift */; };
		48ED0E6C20E80731005DA19C /* BigNumber.swift in Sources */ = {isa = PBXBuildFile; fileRef = 48ED0E6B20E80731005DA19C /* BigNumber.swift */; };
		48ED0E6D20E80731005DA19C /* BigNumber.swift in Sources */ = {isa = PBXBuildFile; fileRef = 48ED0E6B20E80731005DA19C /* BigNumber.swift */; };
		48ED0E6F20E80754005DA19C /* UInt256+ExpressibleByStringLiteral.swift in Sources */ = {isa = PBXBuildFile; fileRef = 48ED0E6E20E80754005DA19C /* UInt256+ExpressibleByStringLiteral.swift */; };
		48ED0E7020E80754005DA19C /* UInt256+ExpressibleByStringLiteral.swift in Sources */ = {isa = PBXBuildFile; fileRef = 48ED0E6E20E80754005DA19C /* UInt256+ExpressibleByStringLiteral.swift */; };
		48ED0E7120E80D84005DA19C /* KeyGenerationTests.swift in Sources */ = {isa = PBXBuildFile; fileRef = 48ED0E6320E8047E005DA19C /* KeyGenerationTests.swift */; };
		48ED0E7220E80D85005DA19C /* KeyGenerationTests.swift in Sources */ = {isa = PBXBuildFile; fileRef = 48ED0E6320E8047E005DA19C /* KeyGenerationTests.swift */; };
		48F70A1F20B72DD00027B72D /* ZilliqaSDK.framework in Frameworks */ = {isa = PBXBuildFile; fileRef = 48F70A1520B72DD00027B72D /* ZilliqaSDK.framework */; };
		48F70A4820B7F4D00027B72D /* ZilliqaSDK.h in Headers */ = {isa = PBXBuildFile; fileRef = 48F70A3320B72E8A0027B72D /* ZilliqaSDK.h */; settings = {ATTRIBUTES = (Public, ); }; };
		48F70A4B20B7F55B0027B72D /* Payment.swift in Sources */ = {isa = PBXBuildFile; fileRef = 48F70A4A20B7F55B0027B72D /* Payment.swift */; };
		48F70A4D20B7F9940027B72D /* Gas.swift in Sources */ = {isa = PBXBuildFile; fileRef = 48F70A4C20B7F9940027B72D /* Gas.swift */; };
		48F70A7A20B811370027B72D /* Wallet.swift in Sources */ = {isa = PBXBuildFile; fileRef = 48F70A7820B811330027B72D /* Wallet.swift */; };
		48F70A7D20B812080027B72D /* Amount.swift in Sources */ = {isa = PBXBuildFile; fileRef = 48F70A7B20B811A00027B72D /* Amount.swift */; };
		48F70A8320B812F70027B72D /* Nonce.swift in Sources */ = {isa = PBXBuildFile; fileRef = 48F70A7E20B812990027B72D /* Nonce.swift */; };
/* End PBXBuildFile section */

/* Begin PBXContainerItemProxy section */
		48ED060F20B8618F00C639E5 /* PBXContainerItemProxy */ = {
			isa = PBXContainerItemProxy;
			containerPortal = 48F70A0C20B72DCF0027B72D /* Project object */;
			proxyType = 1;
			remoteGlobalIDString = 48ED060420B8618F00C639E5;
			remoteInfo = "ZilliqaSDK-macOS";
		};
		48F70A2020B72DD00027B72D /* PBXContainerItemProxy */ = {
			isa = PBXContainerItemProxy;
			containerPortal = 48F70A0C20B72DCF0027B72D /* Project object */;
			proxyType = 1;
			remoteGlobalIDString = 48F70A1420B72DD00027B72D;
			remoteInfo = ZilliqaSDK;
		};
/* End PBXContainerItemProxy section */

/* Begin PBXFileReference section */
		487166572141ADEA00F0B413 /* SwiftCrypto.framework */ = {isa = PBXFileReference; lastKnownFileType = wrapper.framework; name = SwiftCrypto.framework; path = Carthage/Build/iOS/SwiftCrypto.framework; sourceTree = "<group>"; };
		487166582141ADEA00F0B413 /* BigInt.framework */ = {isa = PBXFileReference; lastKnownFileType = wrapper.framework; name = BigInt.framework; path = Carthage/Build/iOS/BigInt.framework; sourceTree = "<group>"; };
		487166592141ADEA00F0B413 /* SipHash.framework */ = {isa = PBXFileReference; lastKnownFileType = wrapper.framework; name = SipHash.framework; path = Carthage/Build/iOS/SipHash.framework; sourceTree = "<group>"; };
		48838C9420B9F64800C18DC2 /* WalletTests.swift */ = {isa = PBXFileReference; lastKnownFileType = sourcecode.swift; path = WalletTests.swift; sourceTree = "<group>"; };
		48838CB120BA084F00C18DC2 /* ZilliqaSDKTests-macOS-Info.plist */ = {isa = PBXFileReference; lastKnownFileType = text.plist.xml; path = "ZilliqaSDKTests-macOS-Info.plist"; sourceTree = "<group>"; };
		48838CB220BA084F00C18DC2 /* ZilliqaSDKTests-iOS-Info.plist */ = {isa = PBXFileReference; lastKnownFileType = text.plist.xml; path = "ZilliqaSDKTests-iOS-Info.plist"; sourceTree = "<group>"; };
		48C89FC42142C4F10063B0FA /* ZilliqaSDK-Info.plist */ = {isa = PBXFileReference; lastKnownFileType = text.plist.xml; path = "ZilliqaSDK-Info.plist"; sourceTree = "<group>"; };
		48E76FB120B9D6160027A3FE /* ZilliqaSDK_macOS.h */ = {isa = PBXFileReference; lastKnownFileType = sourcecode.c.h; path = ZilliqaSDK_macOS.h; sourceTree = "<group>"; };
		48ED060520B8618F00C639E5 /* ZilliqaSDK.framework */ = {isa = PBXFileReference; explicitFileType = wrapper.framework; includeInIndex = 0; path = ZilliqaSDK.framework; sourceTree = BUILT_PRODUCTS_DIR; };
		48ED060D20B8618F00C639E5 /* .xctest */ = {isa = PBXFileReference; explicitFileType = wrapper.cfbundle; includeInIndex = 0; path = .xctest; sourceTree = BUILT_PRODUCTS_DIR; };
		48ED061C20B86B1200C639E5 /* ZilliqaSDK-iOS-Common.xcconfig */ = {isa = PBXFileReference; lastKnownFileType = text.xcconfig; path = "ZilliqaSDK-iOS-Common.xcconfig"; sourceTree = "<group>"; };
		48ED061D20B86B8900C639E5 /* ZilliqaSDK-macOS-Debug.xcconfig */ = {isa = PBXFileReference; lastKnownFileType = text.xcconfig; path = "ZilliqaSDK-macOS-Debug.xcconfig"; sourceTree = "<group>"; };
		48ED061E20B86B8900C639E5 /* ZilliqaSDK-macOS-Common.xcconfig */ = {isa = PBXFileReference; lastKnownFileType = text.xcconfig; path = "ZilliqaSDK-macOS-Common.xcconfig"; sourceTree = "<group>"; };
		48ED061F20B86B8900C639E5 /* ZilliqaSDK-macOS-Release.xcconfig */ = {isa = PBXFileReference; lastKnownFileType = text.xcconfig; path = "ZilliqaSDK-macOS-Release.xcconfig"; sourceTree = "<group>"; };
		48ED062020B86C1C00C639E5 /* ZilliqaSDKTests-iOS-Debug.xcconfig */ = {isa = PBXFileReference; lastKnownFileType = text.xcconfig; path = "ZilliqaSDKTests-iOS-Debug.xcconfig"; sourceTree = "<group>"; };
		48ED062120B86C1C00C639E5 /* ZilliqaSDKTests-macOS-Common.xcconfig */ = {isa = PBXFileReference; lastKnownFileType = text.xcconfig; path = "ZilliqaSDKTests-macOS-Common.xcconfig"; sourceTree = "<group>"; };
		48ED062220B86C1C00C639E5 /* ZilliqaSDKTests-macOS-Debug.xcconfig */ = {isa = PBXFileReference; lastKnownFileType = text.xcconfig; path = "ZilliqaSDKTests-macOS-Debug.xcconfig"; sourceTree = "<group>"; };
		48ED062320B86C1D00C639E5 /* ZilliqaSDKTests-macOS-Release.xcconfig */ = {isa = PBXFileReference; lastKnownFileType = text.xcconfig; path = "ZilliqaSDKTests-macOS-Release.xcconfig"; sourceTree = "<group>"; };
		48ED062420B86C1D00C639E5 /* ZilliqaSDKTests-iOS-Common.xcconfig */ = {isa = PBXFileReference; lastKnownFileType = text.xcconfig; path = "ZilliqaSDKTests-iOS-Common.xcconfig"; sourceTree = "<group>"; };
		48ED062520B86C1D00C639E5 /* ZilliqaSDKTests-iOS-Release.xcconfig */ = {isa = PBXFileReference; lastKnownFileType = text.xcconfig; path = "ZilliqaSDKTests-iOS-Release.xcconfig"; sourceTree = "<group>"; };
		48ED0E6120E8047D005DA19C /* ZilliqaSDKTests-iOS-Bridging-Header.h */ = {isa = PBXFileReference; lastKnownFileType = sourcecode.c.h; path = "ZilliqaSDKTests-iOS-Bridging-Header.h"; sourceTree = "<group>"; };
		48ED0E6220E8047D005DA19C /* ZilliqaSDKTests-macOS-Bridging-Header.h */ = {isa = PBXFileReference; lastKnownFileType = sourcecode.c.h; path = "ZilliqaSDKTests-macOS-Bridging-Header.h"; sourceTree = "<group>"; };
		48ED0E6320E8047E005DA19C /* KeyGenerationTests.swift */ = {isa = PBXFileReference; lastKnownFileType = sourcecode.swift; path = KeyGenerationTests.swift; sourceTree = "<group>"; };
		48ED0E6720E805AA005DA19C /* PrivateKeyTests.swift */ = {isa = PBXFileReference; lastKnownFileType = sourcecode.swift; path = PrivateKeyTests.swift; sourceTree = "<group>"; };
		48ED0E6B20E80731005DA19C /* BigNumber.swift */ = {isa = PBXFileReference; lastKnownFileType = sourcecode.swift; path = BigNumber.swift; sourceTree = "<group>"; };
		48ED0E6E20E80754005DA19C /* UInt256+ExpressibleByStringLiteral.swift */ = {isa = PBXFileReference; lastKnownFileType = sourcecode.swift; path = "UInt256+ExpressibleByStringLiteral.swift"; sourceTree = "<group>"; };
		48F70A1520B72DD00027B72D /* ZilliqaSDK.framework */ = {isa = PBXFileReference; explicitFileType = wrapper.framework; includeInIndex = 0; path = ZilliqaSDK.framework; sourceTree = BUILT_PRODUCTS_DIR; };
		48F70A1E20B72DD00027B72D /* .xctest */ = {isa = PBXFileReference; explicitFileType = wrapper.cfbundle; includeInIndex = 0; path = .xctest; sourceTree = BUILT_PRODUCTS_DIR; };
		48F70A3320B72E8A0027B72D /* ZilliqaSDK.h */ = {isa = PBXFileReference; lastKnownFileType = sourcecode.c.h; path = ZilliqaSDK.h; sourceTree = "<group>"; };
		48F70A3620B72E930027B72D /* AddressTests.swift */ = {isa = PBXFileReference; lastKnownFileType = sourcecode.swift; path = AddressTests.swift; sourceTree = "<group>"; };
		48F70A4A20B7F55B0027B72D /* Payment.swift */ = {isa = PBXFileReference; lastKnownFileType = sourcecode.swift; path = Payment.swift; sourceTree = "<group>"; };
		48F70A4C20B7F9940027B72D /* Gas.swift */ = {isa = PBXFileReference; lastKnownFileType = sourcecode.swift; path = Gas.swift; sourceTree = "<group>"; };
		48F70A5020B7FE590027B72D /* GasTests.swift */ = {isa = PBXFileReference; lastKnownFileType = sourcecode.swift; path = GasTests.swift; sourceTree = "<group>"; };
		48F70A5320B7FFC10027B72D /* GasPriceTests.swift */ = {isa = PBXFileReference; lastKnownFileType = sourcecode.swift; path = GasPriceTests.swift; sourceTree = "<group>"; };
		48F70A5520B7FFDE0027B72D /* GasLimitTests.swift */ = {isa = PBXFileReference; lastKnownFileType = sourcecode.swift; path = GasLimitTests.swift; sourceTree = "<group>"; };
		48F70A5720B801A90027B72D /* PaymentModelTests.swift */ = {isa = PBXFileReference; lastKnownFileType = sourcecode.swift; path = PaymentModelTests.swift; sourceTree = "<group>"; };
		48F70A5920B802E70027B72D /* AmountModelTests.swift */ = {isa = PBXFileReference; lastKnownFileType = sourcecode.swift; path = AmountModelTests.swift; sourceTree = "<group>"; };
		48F70A7820B811330027B72D /* Wallet.swift */ = {isa = PBXFileReference; lastKnownFileType = sourcecode.swift; path = Wallet.swift; sourceTree = "<group>"; };
		48F70A7B20B811A00027B72D /* Amount.swift */ = {isa = PBXFileReference; lastKnownFileType = sourcecode.swift; path = Amount.swift; sourceTree = "<group>"; };
		48F70A7E20B812990027B72D /* Nonce.swift */ = {isa = PBXFileReference; lastKnownFileType = sourcecode.swift; path = Nonce.swift; sourceTree = "<group>"; };
		48F70A8420B825960027B72D /* ZilliqaSDK-iOS-Debug.xcconfig */ = {isa = PBXFileReference; lastKnownFileType = text.xcconfig; path = "ZilliqaSDK-iOS-Debug.xcconfig"; sourceTree = "<group>"; };
		48F70A8520B825970027B72D /* ZilliqaSDK-iOS-Release.xcconfig */ = {isa = PBXFileReference; lastKnownFileType = text.xcconfig; path = "ZilliqaSDK-iOS-Release.xcconfig"; sourceTree = "<group>"; };
/* End PBXFileReference section */

/* Begin PBXFrameworksBuildPhase section */
		48ED060120B8618F00C639E5 /* Frameworks */ = {
			isa = PBXFrameworksBuildPhase;
			buildActionMask = 2147483647;
			files = (
			);
			runOnlyForDeploymentPostprocessing = 0;
		};
		48ED060A20B8618F00C639E5 /* Frameworks */ = {
			isa = PBXFrameworksBuildPhase;
			buildActionMask = 2147483647;
			files = (
				48ED060E20B8618F00C639E5 /* ZilliqaSDK.framework in Frameworks */,
			);
			runOnlyForDeploymentPostprocessing = 0;
		};
		48F70A1120B72DD00027B72D /* Frameworks */ = {
			isa = PBXFrameworksBuildPhase;
			buildActionMask = 2147483647;
			files = (
				4871665A2141ADEA00F0B413 /* SwiftCrypto.framework in Frameworks */,
				4871665B2141ADEA00F0B413 /* BigInt.framework in Frameworks */,
				4871665C2141ADEA00F0B413 /* SipHash.framework in Frameworks */,
			);
			runOnlyForDeploymentPostprocessing = 0;
		};
		48F70A1B20B72DD00027B72D /* Frameworks */ = {
			isa = PBXFrameworksBuildPhase;
			buildActionMask = 2147483647;
			files = (
				48F70A1F20B72DD00027B72D /* ZilliqaSDK.framework in Frameworks */,
			);
			runOnlyForDeploymentPostprocessing = 0;
		};
/* End PBXFrameworksBuildPhase section */

/* Begin PBXGroup section */
		487166562141ADEA00F0B413 /* Frameworks */ = {
			isa = PBXGroup;
			children = (
				487166582141ADEA00F0B413 /* BigInt.framework */,
				487166592141ADEA00F0B413 /* SipHash.framework */,
				487166572141ADEA00F0B413 /* SwiftCrypto.framework */,
			);
			name = Frameworks;
			sourceTree = "<group>";
		};
		48ED0E6620E80588005DA19C /* OLD */ = {
			isa = PBXGroup;
			children = (
				48F70A3620B72E930027B72D /* AddressTests.swift */,
				48F70A5920B802E70027B72D /* AmountModelTests.swift */,
				48F70A5020B7FE590027B72D /* GasTests.swift */,
				48F70A5320B7FFC10027B72D /* GasPriceTests.swift */,
				48F70A5520B7FFDE0027B72D /* GasLimitTests.swift */,
				48F70A5720B801A90027B72D /* PaymentModelTests.swift */,
				48838C9420B9F64800C18DC2 /* WalletTests.swift */,
			);
			path = OLD;
			sourceTree = "<group>";
		};
		48ED0E6A20E80720005DA19C /* BigNumber */ = {
			isa = PBXGroup;
			children = (
				48ED0E6B20E80731005DA19C /* BigNumber.swift */,
				48ED0E6E20E80754005DA19C /* UInt256+ExpressibleByStringLiteral.swift */,
			);
			path = BigNumber;
			sourceTree = "<group>";
		};
		48F70A0B20B72DCF0027B72D = {
			isa = PBXGroup;
			children = (
				48F70A1620B72DD00027B72D /* Products */,
				48F70A3020B72E8A0027B72D /* Source */,
				48F70A3420B72E930027B72D /* Tests */,
				487166562141ADEA00F0B413 /* Frameworks */,
			);
			sourceTree = "<group>";
		};
		48F70A1620B72DD00027B72D /* Products */ = {
			isa = PBXGroup;
			children = (
				48F70A1520B72DD00027B72D /* ZilliqaSDK.framework */,
				48F70A1E20B72DD00027B72D /* .xctest */,
				48ED060520B8618F00C639E5 /* ZilliqaSDK.framework */,
				48ED060D20B8618F00C639E5 /* .xctest */,
			);
			name = Products;
			sourceTree = "<group>";
		};
		48F70A3020B72E8A0027B72D /* Source */ = {
			isa = PBXGroup;
			children = (
				48ED0E6A20E80720005DA19C /* BigNumber */,
				48F70A4920B7F52B0027B72D /* Models */,
				48F70A4020B730070027B72D /* Configurations */,
				48F70A3120B72E8A0027B72D /* SupportingFiles */,
			);
			path = Source;
			sourceTree = "<group>";
		};
		48F70A3120B72E8A0027B72D /* SupportingFiles */ = {
			isa = PBXGroup;
			children = (
				48E76FB120B9D6160027A3FE /* ZilliqaSDK_macOS.h */,
				48C89FC42142C4F10063B0FA /* ZilliqaSDK-Info.plist */,
				48F70A3320B72E8A0027B72D /* ZilliqaSDK.h */,
			);
			path = SupportingFiles;
			sourceTree = "<group>";
		};
		48F70A3420B72E930027B72D /* Tests */ = {
			isa = PBXGroup;
			children = (
				48F70A4420B7F4590027B72D /* Configurations */,
				48F70A3520B72E930027B72D /* Tests */,
				48F70A3720B72E930027B72D /* SupportingFiles */,
			);
			path = Tests;
			sourceTree = "<group>";
		};
		48F70A3520B72E930027B72D /* Tests */ = {
			isa = PBXGroup;
			children = (
				48ED0E6620E80588005DA19C /* OLD */,
				48ED0E6320E8047E005DA19C /* KeyGenerationTests.swift */,
				48ED0E6120E8047D005DA19C /* ZilliqaSDKTests-iOS-Bridging-Header.h */,
				48ED0E6220E8047D005DA19C /* ZilliqaSDKTests-macOS-Bridging-Header.h */,
				48ED0E6720E805AA005DA19C /* PrivateKeyTests.swift */,
			);
			path = Tests;
			sourceTree = "<group>";
		};
		48F70A3720B72E930027B72D /* SupportingFiles */ = {
			isa = PBXGroup;
			children = (
				48838CB220BA084F00C18DC2 /* ZilliqaSDKTests-iOS-Info.plist */,
				48838CB120BA084F00C18DC2 /* ZilliqaSDKTests-macOS-Info.plist */,
			);
			path = SupportingFiles;
			sourceTree = "<group>";
		};
		48F70A4020B730070027B72D /* Configurations */ = {
			isa = PBXGroup;
			children = (
				48ED061E20B86B8900C639E5 /* ZilliqaSDK-macOS-Common.xcconfig */,
				48ED061D20B86B8900C639E5 /* ZilliqaSDK-macOS-Debug.xcconfig */,
				48ED061F20B86B8900C639E5 /* ZilliqaSDK-macOS-Release.xcconfig */,
				48ED061C20B86B1200C639E5 /* ZilliqaSDK-iOS-Common.xcconfig */,
				48F70A8420B825960027B72D /* ZilliqaSDK-iOS-Debug.xcconfig */,
				48F70A8520B825970027B72D /* ZilliqaSDK-iOS-Release.xcconfig */,
			);
			path = Configurations;
			sourceTree = "<group>";
		};
		48F70A4420B7F4590027B72D /* Configurations */ = {
			isa = PBXGroup;
			children = (
				48ED062420B86C1D00C639E5 /* ZilliqaSDKTests-iOS-Common.xcconfig */,
				48ED062020B86C1C00C639E5 /* ZilliqaSDKTests-iOS-Debug.xcconfig */,
				48ED062520B86C1D00C639E5 /* ZilliqaSDKTests-iOS-Release.xcconfig */,
				48ED062120B86C1C00C639E5 /* ZilliqaSDKTests-macOS-Common.xcconfig */,
				48ED062220B86C1C00C639E5 /* ZilliqaSDKTests-macOS-Debug.xcconfig */,
				48ED062320B86C1D00C639E5 /* ZilliqaSDKTests-macOS-Release.xcconfig */,
			);
			path = Configurations;
			sourceTree = "<group>";
		};
		48F70A4920B7F52B0027B72D /* Models */ = {
			isa = PBXGroup;
			children = (
				48F70A7720B811290027B72D /* Wallet */,
				48F70A7620B811150027B72D /* Payment */,
				48F70A7B20B811A00027B72D /* Amount.swift */,
			);
			path = Models;
			sourceTree = "<group>";
		};
		48F70A7620B811150027B72D /* Payment */ = {
			isa = PBXGroup;
			children = (
				48F70A4A20B7F55B0027B72D /* Payment.swift */,
				48F70A4C20B7F9940027B72D /* Gas.swift */,
			);
			path = Payment;
			sourceTree = "<group>";
		};
		48F70A7720B811290027B72D /* Wallet */ = {
			isa = PBXGroup;
			children = (
				48F70A7820B811330027B72D /* Wallet.swift */,
				48F70A7E20B812990027B72D /* Nonce.swift */,
			);
			path = Wallet;
			sourceTree = "<group>";
		};
/* End PBXGroup section */

/* Begin PBXHeadersBuildPhase section */
		48ED060220B8618F00C639E5 /* Headers */ = {
			isa = PBXHeadersBuildPhase;
			buildActionMask = 2147483647;
			files = (
				48E76FB420B9D6210027A3FE /* ZilliqaSDK_macOS.h in Headers */,
			);
			runOnlyForDeploymentPostprocessing = 0;
		};
		48F70A1220B72DD00027B72D /* Headers */ = {
			isa = PBXHeadersBuildPhase;
			buildActionMask = 2147483647;
			files = (
				48F70A4820B7F4D00027B72D /* ZilliqaSDK.h in Headers */,
			);
			runOnlyForDeploymentPostprocessing = 0;
		};
/* End PBXHeadersBuildPhase section */

/* Begin PBXNativeTarget section */
		48ED060420B8618F00C639E5 /* ZilliqaSDK macOS */ = {
			isa = PBXNativeTarget;
			buildConfigurationList = 48ED061620B8618F00C639E5 /* Build configuration list for PBXNativeTarget "ZilliqaSDK macOS" */;
			buildPhases = (
				48ED060020B8618F00C639E5 /* Sources */,
				48ED060120B8618F00C639E5 /* Frameworks */,
				48ED060220B8618F00C639E5 /* Headers */,
				48ED060320B8618F00C639E5 /* Resources */,
			);
			buildRules = (
			);
			dependencies = (
			);
			name = "ZilliqaSDK macOS";
			productName = "ZilliqaSDK-macOS";
			productReference = 48ED060520B8618F00C639E5 /* ZilliqaSDK.framework */;
			productType = "com.apple.product-type.framework";
		};
		48ED060C20B8618F00C639E5 /* ZilliqaSDK macOS Tests */ = {
			isa = PBXNativeTarget;
			buildConfigurationList = 48ED061920B8618F00C639E5 /* Build configuration list for PBXNativeTarget "ZilliqaSDK macOS Tests" */;
			buildPhases = (
				48ED060920B8618F00C639E5 /* Sources */,
				48ED060A20B8618F00C639E5 /* Frameworks */,
				48ED060B20B8618F00C639E5 /* Resources */,
			);
			buildRules = (
			);
			dependencies = (
				48ED061020B8618F00C639E5 /* PBXTargetDependency */,
			);
			name = "ZilliqaSDK macOS Tests";
			productName = "ZilliqaSDK-macOSTests";
			productReference = 48ED060D20B8618F00C639E5 /* .xctest */;
			productType = "com.apple.product-type.bundle.unit-test";
		};
		48F70A1420B72DD00027B72D /* ZilliqaSDK iOS */ = {
			isa = PBXNativeTarget;
			buildConfigurationList = 48F70A2920B72DD00027B72D /* Build configuration list for PBXNativeTarget "ZilliqaSDK iOS" */;
			buildPhases = (
				48F70A1020B72DD00027B72D /* Sources */,
				48F70A1120B72DD00027B72D /* Frameworks */,
				48F70A1220B72DD00027B72D /* Headers */,
				48F70A1320B72DD00027B72D /* Resources */,
			);
			buildRules = (
			);
			dependencies = (
			);
			name = "ZilliqaSDK iOS";
			productName = ZilliqaSDK;
			productReference = 48F70A1520B72DD00027B72D /* ZilliqaSDK.framework */;
			productType = "com.apple.product-type.framework";
		};
		48F70A1D20B72DD00027B72D /* ZilliqaSDK iOS Tests */ = {
			isa = PBXNativeTarget;
			buildConfigurationList = 48F70A2C20B72DD00027B72D /* Build configuration list for PBXNativeTarget "ZilliqaSDK iOS Tests" */;
			buildPhases = (
				48F70A1A20B72DD00027B72D /* Sources */,
				48F70A1B20B72DD00027B72D /* Frameworks */,
				48F70A1C20B72DD00027B72D /* Resources */,
			);
			buildRules = (
			);
			dependencies = (
				48F70A2120B72DD00027B72D /* PBXTargetDependency */,
			);
			name = "ZilliqaSDK iOS Tests";
			productName = ZilliqaSDKTests;
			productReference = 48F70A1E20B72DD00027B72D /* .xctest */;
			productType = "com.apple.product-type.bundle.unit-test";
		};
/* End PBXNativeTarget section */

/* Begin PBXProject section */
		48F70A0C20B72DCF0027B72D /* Project object */ = {
			isa = PBXProject;
			attributes = {
				LastSwiftUpdateCheck = 0940;
				LastUpgradeCheck = 0930;
				ORGANIZATIONNAME = "Open Zesame";
				TargetAttributes = {
					48ED060420B8618F00C639E5 = {
						CreatedOnToolsVersion = 9.4;
					};
					48ED060C20B8618F00C639E5 = {
						CreatedOnToolsVersion = 9.4;
						LastSwiftMigration = 0940;
					};
					48F70A1420B72DD00027B72D = {
						CreatedOnToolsVersion = 9.3;
						LastSwiftMigration = 0930;
					};
					48F70A1D20B72DD00027B72D = {
						CreatedOnToolsVersion = 9.3;
						LastSwiftMigration = 0940;
					};
				};
			};
			buildConfigurationList = 48F70A0F20B72DCF0027B72D /* Build configuration list for PBXProject "ZilliqaSDK" */;
			compatibilityVersion = "Xcode 9.3";
			developmentRegion = en;
			hasScannedForEncodings = 0;
			knownRegions = (
				en,
			);
			mainGroup = 48F70A0B20B72DCF0027B72D;
			productRefGroup = 48F70A1620B72DD00027B72D /* Products */;
			projectDirPath = "";
			projectRoot = "";
			targets = (
				48F70A1420B72DD00027B72D /* ZilliqaSDK iOS */,
				48F70A1D20B72DD00027B72D /* ZilliqaSDK iOS Tests */,
				48ED060420B8618F00C639E5 /* ZilliqaSDK macOS */,
				48ED060C20B8618F00C639E5 /* ZilliqaSDK macOS Tests */,
			);
		};
/* End PBXProject section */

/* Begin PBXResourcesBuildPhase section */
		48ED060320B8618F00C639E5 /* Resources */ = {
			isa = PBXResourcesBuildPhase;
			buildActionMask = 2147483647;
			files = (
			);
			runOnlyForDeploymentPostprocessing = 0;
		};
		48ED060B20B8618F00C639E5 /* Resources */ = {
			isa = PBXResourcesBuildPhase;
			buildActionMask = 2147483647;
			files = (
			);
			runOnlyForDeploymentPostprocessing = 0;
		};
		48F70A1320B72DD00027B72D /* Resources */ = {
			isa = PBXResourcesBuildPhase;
			buildActionMask = 2147483647;
			files = (
			);
			runOnlyForDeploymentPostprocessing = 0;
		};
		48F70A1C20B72DD00027B72D /* Resources */ = {
			isa = PBXResourcesBuildPhase;
			buildActionMask = 2147483647;
			files = (
			);
			runOnlyForDeploymentPostprocessing = 0;
		};
/* End PBXResourcesBuildPhase section */

/* Begin PBXSourcesBuildPhase section */
		48ED060020B8618F00C639E5 /* Sources */ = {
			isa = PBXSourcesBuildPhase;
			buildActionMask = 2147483647;
			files = (
				48ED0E6D20E80731005DA19C /* BigNumber.swift in Sources */,
				48ED0E5320E7F158005DA19C /* Amount.swift in Sources */,
				48ED0E5020E7F150005DA19C /* Wallet.swift in Sources */,
				48ED0E5220E7F155005DA19C /* Nonce.swift in Sources */,
				48ED0E5520E7F15D005DA19C /* Gas.swift in Sources */,
				48ED0E5420E7F15D005DA19C /* Payment.swift in Sources */,
				48ED0E7020E80754005DA19C /* UInt256+ExpressibleByStringLiteral.swift in Sources */,
			);
			runOnlyForDeploymentPostprocessing = 0;
		};
		48ED060920B8618F00C639E5 /* Sources */ = {
			isa = PBXSourcesBuildPhase;
			buildActionMask = 2147483647;
			files = (
				48ED0E6920E805AA005DA19C /* PrivateKeyTests.swift in Sources */,
				48ED0E7220E80D85005DA19C /* KeyGenerationTests.swift in Sources */,
			);
			runOnlyForDeploymentPostprocessing = 0;
		};
		48F70A1020B72DD00027B72D /* Sources */ = {
			isa = PBXSourcesBuildPhase;
			buildActionMask = 2147483647;
			files = (
				48ED0E6C20E80731005DA19C /* BigNumber.swift in Sources */,
				48F70A7D20B812080027B72D /* Amount.swift in Sources */,
				48F70A7A20B811370027B72D /* Wallet.swift in Sources */,
				48F70A4B20B7F55B0027B72D /* Payment.swift in Sources */,
				48F70A4D20B7F9940027B72D /* Gas.swift in Sources */,
				48F70A8320B812F70027B72D /* Nonce.swift in Sources */,
				48ED0E6F20E80754005DA19C /* UInt256+ExpressibleByStringLiteral.swift in Sources */,
			);
			runOnlyForDeploymentPostprocessing = 0;
		};
		48F70A1A20B72DD00027B72D /* Sources */ = {
			isa = PBXSourcesBuildPhase;
			buildActionMask = 2147483647;
			files = (
				48ED0E6820E805AA005DA19C /* PrivateKeyTests.swift in Sources */,
				48ED0E7120E80D84005DA19C /* KeyGenerationTests.swift in Sources */,
			);
			runOnlyForDeploymentPostprocessing = 0;
		};
/* End PBXSourcesBuildPhase section */

/* Begin PBXTargetDependency section */
		48ED061020B8618F00C639E5 /* PBXTargetDependency */ = {
			isa = PBXTargetDependency;
			target = 48ED060420B8618F00C639E5 /* ZilliqaSDK macOS */;
			targetProxy = 48ED060F20B8618F00C639E5 /* PBXContainerItemProxy */;
		};
		48F70A2120B72DD00027B72D /* PBXTargetDependency */ = {
			isa = PBXTargetDependency;
			target = 48F70A1420B72DD00027B72D /* ZilliqaSDK iOS */;
			targetProxy = 48F70A2020B72DD00027B72D /* PBXContainerItemProxy */;
		};
/* End PBXTargetDependency section */

/* Begin XCBuildConfiguration section */
		48ED061720B8618F00C639E5 /* Debug */ = {
			isa = XCBuildConfiguration;
			baseConfigurationReference = 48ED061D20B86B8900C639E5 /* ZilliqaSDK-macOS-Debug.xcconfig */;
			buildSettings = {
			};
			name = Debug;
		};
		48ED061820B8618F00C639E5 /* Release */ = {
			isa = XCBuildConfiguration;
			baseConfigurationReference = 48ED061F20B86B8900C639E5 /* ZilliqaSDK-macOS-Release.xcconfig */;
			buildSettings = {
			};
			name = Release;
		};
		48ED061A20B8618F00C639E5 /* Debug */ = {
			isa = XCBuildConfiguration;
			baseConfigurationReference = 48ED062220B86C1C00C639E5 /* ZilliqaSDKTests-macOS-Debug.xcconfig */;
			buildSettings = {
			};
			name = Debug;
		};
		48ED061B20B8618F00C639E5 /* Release */ = {
			isa = XCBuildConfiguration;
			baseConfigurationReference = 48ED062320B86C1D00C639E5 /* ZilliqaSDKTests-macOS-Release.xcconfig */;
			buildSettings = {
			};
			name = Release;
		};
		48F70A2720B72DD00027B72D /* Debug */ = {
			isa = XCBuildConfiguration;
			buildSettings = {
				FRAMEWORK_SEARCH_PATHS = APA;
			};
			name = Debug;
		};
		48F70A2820B72DD00027B72D /* Release */ = {
			isa = XCBuildConfiguration;
			buildSettings = {
				FRAMEWORK_SEARCH_PATHS = APA;
			};
			name = Release;
		};
		48F70A2A20B72DD00027B72D /* Debug */ = {
			isa = XCBuildConfiguration;
			baseConfigurationReference = 48F70A8420B825960027B72D /* ZilliqaSDK-iOS-Debug.xcconfig */;
			buildSettings = {
			};
			name = Debug;
		};
		48F70A2B20B72DD00027B72D /* Release */ = {
			isa = XCBuildConfiguration;
			baseConfigurationReference = 48F70A8520B825970027B72D /* ZilliqaSDK-iOS-Release.xcconfig */;
			buildSettings = {
			};
			name = Release;
		};
		48F70A2D20B72DD00027B72D /* Debug */ = {
			isa = XCBuildConfiguration;
			baseConfigurationReference = 48ED062020B86C1C00C639E5 /* ZilliqaSDKTests-iOS-Debug.xcconfig */;
			buildSettings = {
			};
			name = Debug;
		};
		48F70A2E20B72DD00027B72D /* Release */ = {
			isa = XCBuildConfiguration;
			baseConfigurationReference = 48ED062520B86C1D00C639E5 /* ZilliqaSDKTests-iOS-Release.xcconfig */;
			buildSettings = {
			};
			name = Release;
		};
/* End XCBuildConfiguration section */

/* Begin XCConfigurationList section */
		48ED061620B8618F00C639E5 /* Build configuration list for PBXNativeTarget "ZilliqaSDK macOS" */ = {
			isa = XCConfigurationList;
			buildConfigurations = (
				48ED061720B8618F00C639E5 /* Debug */,
				48ED061820B8618F00C639E5 /* Release */,
			);
			defaultConfigurationIsVisible = 0;
			defaultConfigurationName = Release;
		};
		48ED061920B8618F00C639E5 /* Build configuration list for PBXNativeTarget "ZilliqaSDK macOS Tests" */ = {
			isa = XCConfigurationList;
			buildConfigurations = (
				48ED061A20B8618F00C639E5 /* Debug */,
				48ED061B20B8618F00C639E5 /* Release */,
			);
			defaultConfigurationIsVisible = 0;
			defaultConfigurationName = Release;
		};
		48F70A0F20B72DCF0027B72D /* Build configuration list for PBXProject "ZilliqaSDK" */ = {
			isa = XCConfigurationList;
			buildConfigurations = (
				48F70A2720B72DD00027B72D /* Debug */,
				48F70A2820B72DD00027B72D /* Release */,
			);
			defaultConfigurationIsVisible = 0;
			defaultConfigurationName = Release;
		};
		48F70A2920B72DD00027B72D /* Build configuration list for PBXNativeTarget "ZilliqaSDK iOS" */ = {
			isa = XCConfigurationList;
			buildConfigurations = (
				48F70A2A20B72DD00027B72D /* Debug */,
				48F70A2B20B72DD00027B72D /* Release */,
			);
			defaultConfigurationIsVisible = 0;
			defaultConfigurationName = Release;
		};
		48F70A2C20B72DD00027B72D /* Build configuration list for PBXNativeTarget "ZilliqaSDK iOS Tests" */ = {
			isa = XCConfigurationList;
			buildConfigurations = (
				48F70A2D20B72DD00027B72D /* Debug */,
				48F70A2E20B72DD00027B72D /* Release */,
			);
			defaultConfigurationIsVisible = 0;
			defaultConfigurationName = Release;
		};
/* End XCConfigurationList section */
	};
	rootObject = 48F70A0C20B72DCF0027B72D /* Project object */;
}
