// !$*UTF8*$!
{
	archiveVersion = 1;
	classes = {
	};
	objectVersion = 50;
	objects = {

/* Begin PBXBuildFile section */
		4820459D20C17B6E00955EB1 /* WalletTests.swift in Sources */ = {isa = PBXBuildFile; fileRef = 4820459C20C17B6E00955EB1 /* WalletTests.swift */; };
		48F70A1F20B72DD00027B72D /* ZilliqaSDK.framework in Frameworks */ = {isa = PBXBuildFile; fileRef = 48F70A1520B72DD00027B72D /* ZilliqaSDK.framework */; };
		48F70A3920B72E980027B72D /* AddressTests.swift in Sources */ = {isa = PBXBuildFile; fileRef = 48F70A3620B72E930027B72D /* AddressTests.swift */; };
		48F70A4820B7F4D00027B72D /* ZilliqaSDK.h in Headers */ = {isa = PBXBuildFile; fileRef = 48F70A3320B72E8A0027B72D /* ZilliqaSDK.h */; settings = {ATTRIBUTES = (Public, ); }; };
		48F70A4B20B7F55B0027B72D /* Payment.swift in Sources */ = {isa = PBXBuildFile; fileRef = 48F70A4A20B7F55B0027B72D /* Payment.swift */; };
		48F70A4D20B7F9940027B72D /* Gas.swift in Sources */ = {isa = PBXBuildFile; fileRef = 48F70A4C20B7F9940027B72D /* Gas.swift */; };
		48F70A4F20B7F9B40027B72D /* Address.swift in Sources */ = {isa = PBXBuildFile; fileRef = 48F70A4E20B7F9B40027B72D /* Address.swift */; };
		48F70A5220B7FE9B0027B72D /* GasTests.swift in Sources */ = {isa = PBXBuildFile; fileRef = 48F70A5020B7FE590027B72D /* GasTests.swift */; };
		48F70A5420B7FFC10027B72D /* GasPriceTests.swift in Sources */ = {isa = PBXBuildFile; fileRef = 48F70A5320B7FFC10027B72D /* GasPriceTests.swift */; };
		48F70A5620B7FFDE0027B72D /* GasLimitTests.swift in Sources */ = {isa = PBXBuildFile; fileRef = 48F70A5520B7FFDE0027B72D /* GasLimitTests.swift */; };
		48F70A5820B801A90027B72D /* PaymentModelTests.swift in Sources */ = {isa = PBXBuildFile; fileRef = 48F70A5720B801A90027B72D /* PaymentModelTests.swift */; };
		48F70A5A20B802E70027B72D /* AmountModelTests.swift in Sources */ = {isa = PBXBuildFile; fileRef = 48F70A5920B802E70027B72D /* AmountModelTests.swift */; };
		48F70A7A20B811370027B72D /* Wallet.swift in Sources */ = {isa = PBXBuildFile; fileRef = 48F70A7820B811330027B72D /* Wallet.swift */; };
		48F70A7D20B812080027B72D /* Amount.swift in Sources */ = {isa = PBXBuildFile; fileRef = 48F70A7B20B811A00027B72D /* Amount.swift */; };
		48F70A8220B812F30027B72D /* PrivateKey.swift in Sources */ = {isa = PBXBuildFile; fileRef = 48F70A8020B812A90027B72D /* PrivateKey.swift */; };
		48F70A8320B812F70027B72D /* Nonce.swift in Sources */ = {isa = PBXBuildFile; fileRef = 48F70A7E20B812990027B72D /* Nonce.swift */; };
/* End PBXBuildFile section */

/* Begin PBXContainerItemProxy section */
		48F70A2020B72DD00027B72D /* PBXContainerItemProxy */ = {
			isa = PBXContainerItemProxy;
			containerPortal = 48F70A0C20B72DCF0027B72D /* Project object */;
			proxyType = 1;
			remoteGlobalIDString = 48F70A1420B72DD00027B72D;
			remoteInfo = ZilliqaSDK;
		};
/* End PBXContainerItemProxy section */

/* Begin PBXFileReference section */
		4820459C20C17B6E00955EB1 /* WalletTests.swift */ = {isa = PBXFileReference; fileEncoding = 4; lastKnownFileType = sourcecode.swift; path = WalletTests.swift; sourceTree = "<group>"; };
		48F70A1520B72DD00027B72D /* ZilliqaSDK.framework */ = {isa = PBXFileReference; explicitFileType = wrapper.framework; includeInIndex = 0; path = ZilliqaSDK.framework; sourceTree = BUILT_PRODUCTS_DIR; };
		48F70A1E20B72DD00027B72D /* ZilliqaSDKTests.xctest */ = {isa = PBXFileReference; explicitFileType = wrapper.cfbundle; includeInIndex = 0; path = ZilliqaSDKTests.xctest; sourceTree = BUILT_PRODUCTS_DIR; };
		48F70A3220B72E8A0027B72D /* ZilliqaSDK-Info.plist */ = {isa = PBXFileReference; lastKnownFileType = text.plist.xml; path = "ZilliqaSDK-Info.plist"; sourceTree = "<group>"; };
		48F70A3320B72E8A0027B72D /* ZilliqaSDK.h */ = {isa = PBXFileReference; lastKnownFileType = sourcecode.c.h; path = ZilliqaSDK.h; sourceTree = "<group>"; };
		48F70A3620B72E930027B72D /* AddressTests.swift */ = {isa = PBXFileReference; lastKnownFileType = sourcecode.swift; path = AddressTests.swift; sourceTree = "<group>"; };
		48F70A3820B72E930027B72D /* ZilliqaSDKTests-Info.plist */ = {isa = PBXFileReference; lastKnownFileType = text.plist.xml; path = "ZilliqaSDKTests-Info.plist"; sourceTree = "<group>"; };
		48F70A4120B730070027B72D /* ZilliqaSDK-Release.xcconfig */ = {isa = PBXFileReference; lastKnownFileType = text.xcconfig; path = "ZilliqaSDK-Release.xcconfig"; sourceTree = "<group>"; };
		48F70A4220B730070027B72D /* ZilliqaSDK-Debug.xcconfig */ = {isa = PBXFileReference; lastKnownFileType = text.xcconfig; path = "ZilliqaSDK-Debug.xcconfig"; sourceTree = "<group>"; };
		48F70A4320B730070027B72D /* ZilliqaSDK-Common.xcconfig */ = {isa = PBXFileReference; lastKnownFileType = text.xcconfig; path = "ZilliqaSDK-Common.xcconfig"; sourceTree = "<group>"; };
		48F70A4520B7F4590027B72D /* ZilliqaSDKTests-Debug.xcconfig */ = {isa = PBXFileReference; lastKnownFileType = text.xcconfig; path = "ZilliqaSDKTests-Debug.xcconfig"; sourceTree = "<group>"; };
		48F70A4620B7F4590027B72D /* ZilliqaSDKTests-Release.xcconfig */ = {isa = PBXFileReference; lastKnownFileType = text.xcconfig; path = "ZilliqaSDKTests-Release.xcconfig"; sourceTree = "<group>"; };
		48F70A4720B7F4590027B72D /* ZilliqaSDKTests-Common.xcconfig */ = {isa = PBXFileReference; lastKnownFileType = text.xcconfig; path = "ZilliqaSDKTests-Common.xcconfig"; sourceTree = "<group>"; };
		48F70A4A20B7F55B0027B72D /* Payment.swift */ = {isa = PBXFileReference; lastKnownFileType = sourcecode.swift; path = Payment.swift; sourceTree = "<group>"; };
		48F70A4C20B7F9940027B72D /* Gas.swift */ = {isa = PBXFileReference; lastKnownFileType = sourcecode.swift; path = Gas.swift; sourceTree = "<group>"; };
		48F70A4E20B7F9B40027B72D /* Address.swift */ = {isa = PBXFileReference; lastKnownFileType = sourcecode.swift; path = Address.swift; sourceTree = "<group>"; };
		48F70A5020B7FE590027B72D /* GasTests.swift */ = {isa = PBXFileReference; lastKnownFileType = sourcecode.swift; path = GasTests.swift; sourceTree = "<group>"; };
		48F70A5320B7FFC10027B72D /* GasPriceTests.swift */ = {isa = PBXFileReference; lastKnownFileType = sourcecode.swift; path = GasPriceTests.swift; sourceTree = "<group>"; };
		48F70A5520B7FFDE0027B72D /* GasLimitTests.swift */ = {isa = PBXFileReference; lastKnownFileType = sourcecode.swift; path = GasLimitTests.swift; sourceTree = "<group>"; };
		48F70A5720B801A90027B72D /* PaymentModelTests.swift */ = {isa = PBXFileReference; lastKnownFileType = sourcecode.swift; path = PaymentModelTests.swift; sourceTree = "<group>"; };
		48F70A5920B802E70027B72D /* AmountModelTests.swift */ = {isa = PBXFileReference; lastKnownFileType = sourcecode.swift; path = AmountModelTests.swift; sourceTree = "<group>"; };
		48F70A7820B811330027B72D /* Wallet.swift */ = {isa = PBXFileReference; lastKnownFileType = sourcecode.swift; path = Wallet.swift; sourceTree = "<group>"; };
		48F70A7B20B811A00027B72D /* Amount.swift */ = {isa = PBXFileReference; lastKnownFileType = sourcecode.swift; path = Amount.swift; sourceTree = "<group>"; };
		48F70A7E20B812990027B72D /* Nonce.swift */ = {isa = PBXFileReference; lastKnownFileType = sourcecode.swift; path = Nonce.swift; sourceTree = "<group>"; };
		48F70A8020B812A90027B72D /* PrivateKey.swift */ = {isa = PBXFileReference; lastKnownFileType = sourcecode.swift; path = PrivateKey.swift; sourceTree = "<group>"; };
/* End PBXFileReference section */

/* Begin PBXFrameworksBuildPhase section */
		48F70A1120B72DD00027B72D /* Frameworks */ = {
			isa = PBXFrameworksBuildPhase;
			buildActionMask = 2147483647;
			files = (
			);
			runOnlyForDeploymentPostprocessing = 0;
		};
		48F70A1B20B72DD00027B72D /* Frameworks */ = {
			isa = PBXFrameworksBuildPhase;
			buildActionMask = 2147483647;
			files = (
				48F70A1F20B72DD00027B72D /* ZilliqaSDK.framework in Frameworks */,
			);
			runOnlyForDeploymentPostprocessing = 0;
		};
/* End PBXFrameworksBuildPhase section */

/* Begin PBXGroup section */
		48F70A0B20B72DCF0027B72D = {
			isa = PBXGroup;
			children = (
				48F70A1620B72DD00027B72D /* Products */,
				48F70A3020B72E8A0027B72D /* Source */,
				48F70A3420B72E930027B72D /* Tests */,
			);
			sourceTree = "<group>";
		};
		48F70A1620B72DD00027B72D /* Products */ = {
			isa = PBXGroup;
			children = (
				48F70A1520B72DD00027B72D /* ZilliqaSDK.framework */,
				48F70A1E20B72DD00027B72D /* ZilliqaSDKTests.xctest */,
			);
			name = Products;
			sourceTree = "<group>";
		};
		48F70A3020B72E8A0027B72D /* Source */ = {
			isa = PBXGroup;
			children = (
				48F70A4920B7F52B0027B72D /* Models */,
				48F70A4020B730070027B72D /* Configurations */,
				48F70A3120B72E8A0027B72D /* SupportingFiles */,
			);
			path = Source;
			sourceTree = "<group>";
		};
		48F70A3120B72E8A0027B72D /* SupportingFiles */ = {
			isa = PBXGroup;
			children = (
				48F70A3220B72E8A0027B72D /* ZilliqaSDK-Info.plist */,
				48F70A3320B72E8A0027B72D /* ZilliqaSDK.h */,
			);
			path = SupportingFiles;
			sourceTree = "<group>";
		};
		48F70A3420B72E930027B72D /* Tests */ = {
			isa = PBXGroup;
			children = (
				48F70A4420B7F4590027B72D /* Configurations */,
				48F70A3520B72E930027B72D /* Tests */,
				48F70A3720B72E930027B72D /* SupportingFiles */,
			);
			path = Tests;
			sourceTree = "<group>";
		};
		48F70A3520B72E930027B72D /* Tests */ = {
			isa = PBXGroup;
			children = (
				4820459C20C17B6E00955EB1 /* WalletTests.swift */,
				48F70A3620B72E930027B72D /* AddressTests.swift */,
				48F70A5920B802E70027B72D /* AmountModelTests.swift */,
				48F70A5020B7FE590027B72D /* GasTests.swift */,
				48F70A5320B7FFC10027B72D /* GasPriceTests.swift */,
				48F70A5520B7FFDE0027B72D /* GasLimitTests.swift */,
				48F70A5720B801A90027B72D /* PaymentModelTests.swift */,
			);
			path = Tests;
			sourceTree = "<group>";
		};
		48F70A3720B72E930027B72D /* SupportingFiles */ = {
			isa = PBXGroup;
			children = (
				48F70A3820B72E930027B72D /* ZilliqaSDKTests-Info.plist */,
			);
			path = SupportingFiles;
			sourceTree = "<group>";
		};
		48F70A4020B730070027B72D /* Configurations */ = {
			isa = PBXGroup;
			children = (
				48F70A4120B730070027B72D /* ZilliqaSDK-Release.xcconfig */,
				48F70A4220B730070027B72D /* ZilliqaSDK-Debug.xcconfig */,
				48F70A4320B730070027B72D /* ZilliqaSDK-Common.xcconfig */,
			);
			path = Configurations;
			sourceTree = "<group>";
		};
		48F70A4420B7F4590027B72D /* Configurations */ = {
			isa = PBXGroup;
			children = (
				48F70A4520B7F4590027B72D /* ZilliqaSDKTests-Debug.xcconfig */,
				48F70A4620B7F4590027B72D /* ZilliqaSDKTests-Release.xcconfig */,
				48F70A4720B7F4590027B72D /* ZilliqaSDKTests-Common.xcconfig */,
			);
			path = Configurations;
			sourceTree = "<group>";
		};
		48F70A4920B7F52B0027B72D /* Models */ = {
			isa = PBXGroup;
			children = (
				48F70A7720B811290027B72D /* Wallet */,
				48F70A7620B811150027B72D /* Payment */,
				48F70A7B20B811A00027B72D /* Amount.swift */,
			);
			path = Models;
			sourceTree = "<group>";
		};
		48F70A7620B811150027B72D /* Payment */ = {
			isa = PBXGroup;
			children = (
				48F70A4A20B7F55B0027B72D /* Payment.swift */,
				48F70A4C20B7F9940027B72D /* Gas.swift */,
				48F70A4E20B7F9B40027B72D /* Address.swift */,
			);
			path = Payment;
			sourceTree = "<group>";
		};
		48F70A7720B811290027B72D /* Wallet */ = {
			isa = PBXGroup;
			children = (
				48F70A7820B811330027B72D /* Wallet.swift */,
				48F70A8020B812A90027B72D /* PrivateKey.swift */,
				48F70A7E20B812990027B72D /* Nonce.swift */,
			);
			path = Wallet;
			sourceTree = "<group>";
		};
/* End PBXGroup section */

/* Begin PBXHeadersBuildPhase section */
		48F70A1220B72DD00027B72D /* Headers */ = {
			isa = PBXHeadersBuildPhase;
			buildActionMask = 2147483647;
			files = (
				48F70A4820B7F4D00027B72D /* ZilliqaSDK.h in Headers */,
			);
			runOnlyForDeploymentPostprocessing = 0;
		};
/* End PBXHeadersBuildPhase section */

/* Begin PBXNativeTarget section */
		48F70A1420B72DD00027B72D /* ZilliqaSDK */ = {
			isa = PBXNativeTarget;
			buildConfigurationList = 48F70A2920B72DD00027B72D /* Build configuration list for PBXNativeTarget "ZilliqaSDK" */;
			buildPhases = (
				48F70A1020B72DD00027B72D /* Sources */,
				48F70A1120B72DD00027B72D /* Frameworks */,
				48F70A1220B72DD00027B72D /* Headers */,
				48F70A1320B72DD00027B72D /* Resources */,
			);
			buildRules = (
			);
			dependencies = (
			);
			name = ZilliqaSDK;
			productName = ZilliqaSDK;
			productReference = 48F70A1520B72DD00027B72D /* ZilliqaSDK.framework */;
			productType = "com.apple.product-type.framework";
		};
		48F70A1D20B72DD00027B72D /* ZilliqaSDKTests */ = {
			isa = PBXNativeTarget;
			buildConfigurationList = 48F70A2C20B72DD00027B72D /* Build configuration list for PBXNativeTarget "ZilliqaSDKTests" */;
			buildPhases = (
				48F70A1A20B72DD00027B72D /* Sources */,
				48F70A1B20B72DD00027B72D /* Frameworks */,
				48F70A1C20B72DD00027B72D /* Resources */,
			);
			buildRules = (
			);
			dependencies = (
				48F70A2120B72DD00027B72D /* PBXTargetDependency */,
			);
			name = ZilliqaSDKTests;
			productName = ZilliqaSDKTests;
			productReference = 48F70A1E20B72DD00027B72D /* ZilliqaSDKTests.xctest */;
			productType = "com.apple.product-type.bundle.unit-test";
		};
/* End PBXNativeTarget section */

/* Begin PBXProject section */
		48F70A0C20B72DCF0027B72D /* Project object */ = {
			isa = PBXProject;
			attributes = {
				LastSwiftUpdateCheck = 0930;
				LastUpgradeCheck = 0930;
				ORGANIZATIONNAME = "Open Zesame";
				TargetAttributes = {
					48F70A1420B72DD00027B72D = {
						CreatedOnToolsVersion = 9.3;
						LastSwiftMigration = 0930;
					};
					48F70A1D20B72DD00027B72D = {
						CreatedOnToolsVersion = 9.3;
					};
				};
			};
			buildConfigurationList = 48F70A0F20B72DCF0027B72D /* Build configuration list for PBXProject "ZilliqaSDK" */;
			compatibilityVersion = "Xcode 9.3";
			developmentRegion = en;
			hasScannedForEncodings = 0;
			knownRegions = (
				en,
			);
			mainGroup = 48F70A0B20B72DCF0027B72D;
			productRefGroup = 48F70A1620B72DD00027B72D /* Products */;
			projectDirPath = "";
			projectRoot = "";
			targets = (
				48F70A1420B72DD00027B72D /* ZilliqaSDK */,
				48F70A1D20B72DD00027B72D /* ZilliqaSDKTests */,
			);
		};
/* End PBXProject section */

/* Begin PBXResourcesBuildPhase section */
		48F70A1320B72DD00027B72D /* Resources */ = {
			isa = PBXResourcesBuildPhase;
			buildActionMask = 2147483647;
			files = (
			);
			runOnlyForDeploymentPostprocessing = 0;
		};
		48F70A1C20B72DD00027B72D /* Resources */ = {
			isa = PBXResourcesBuildPhase;
			buildActionMask = 2147483647;
			files = (
			);
			runOnlyForDeploymentPostprocessing = 0;
		};
/* End PBXResourcesBuildPhase section */

/* Begin PBXSourcesBuildPhase section */
		48F70A1020B72DD00027B72D /* Sources */ = {
			isa = PBXSourcesBuildPhase;
			buildActionMask = 2147483647;
			files = (
				48F70A7D20B812080027B72D /* Amount.swift in Sources */,
				48F70A7A20B811370027B72D /* Wallet.swift in Sources */,
				48F70A4F20B7F9B40027B72D /* Address.swift in Sources */,
				48F70A4B20B7F55B0027B72D /* Payment.swift in Sources */,
				48F70A4D20B7F9940027B72D /* Gas.swift in Sources */,
				48F70A8320B812F70027B72D /* Nonce.swift in Sources */,
				48F70A8220B812F30027B72D /* PrivateKey.swift in Sources */,
			);
			runOnlyForDeploymentPostprocessing = 0;
		};
		48F70A1A20B72DD00027B72D /* Sources */ = {
			isa = PBXSourcesBuildPhase;
			buildActionMask = 2147483647;
			files = (
				4820459D20C17B6E00955EB1 /* WalletTests.swift in Sources */,
				48F70A5A20B802E70027B72D /* AmountModelTests.swift in Sources */,
				48F70A3920B72E980027B72D /* AddressTests.swift in Sources */,
				48F70A5420B7FFC10027B72D /* GasPriceTests.swift in Sources */,
				48F70A5220B7FE9B0027B72D /* GasTests.swift in Sources */,
				48F70A5620B7FFDE0027B72D /* GasLimitTests.swift in Sources */,
				48F70A5820B801A90027B72D /* PaymentModelTests.swift in Sources */,
			);
			runOnlyForDeploymentPostprocessing = 0;
		};
/* End PBXSourcesBuildPhase section */

/* Begin PBXTargetDependency section */
		48F70A2120B72DD00027B72D /* PBXTargetDependency */ = {
			isa = PBXTargetDependency;
			target = 48F70A1420B72DD00027B72D /* ZilliqaSDK */;
			targetProxy = 48F70A2020B72DD00027B72D /* PBXContainerItemProxy */;
		};
/* End PBXTargetDependency section */

/* Begin XCBuildConfiguration section */
		48F70A2720B72DD00027B72D /* Debug */ = {
			isa = XCBuildConfiguration;
			baseConfigurationReference = 48F70A4220B730070027B72D /* ZilliqaSDK-Debug.xcconfig */;
			buildSettings = {
			};
			name = Debug;
		};
		48F70A2820B72DD00027B72D /* Release */ = {
			isa = XCBuildConfiguration;
			baseConfigurationReference = 48F70A4120B730070027B72D /* ZilliqaSDK-Release.xcconfig */;
			buildSettings = {
			};
			name = Release;
		};
		48F70A2A20B72DD00027B72D /* Debug */ = {
			isa = XCBuildConfiguration;
			baseConfigurationReference = 48F70A4220B730070027B72D /* ZilliqaSDK-Debug.xcconfig */;
			buildSettings = {
				CLANG_ENABLE_MODULES = YES;
				DEFINES_MODULE = YES;
				LD_RUNPATH_SEARCH_PATHS = (
					"$(inherited)",
					"@executable_path/Frameworks",
					"@loader_path/Frameworks",
				);
				SWIFT_OPTIMIZATION_LEVEL = "-Onone";
			};
			name = Debug;
		};
		48F70A2B20B72DD00027B72D /* Release */ = {
			isa = XCBuildConfiguration;
			baseConfigurationReference = 48F70A4120B730070027B72D /* ZilliqaSDK-Release.xcconfig */;
			buildSettings = {
				CLANG_ENABLE_MODULES = YES;
				DEFINES_MODULE = YES;
				LD_RUNPATH_SEARCH_PATHS = (
					"$(inherited)",
					"@executable_path/Frameworks",
					"@loader_path/Frameworks",
				);
			};
			name = Release;
		};
		48F70A2D20B72DD00027B72D /* Debug */ = {
			isa = XCBuildConfiguration;
			baseConfigurationReference = 48F70A4520B7F4590027B72D /* ZilliqaSDKTests-Debug.xcconfig */;
			buildSettings = {
				ALWAYS_EMBED_SWIFT_STANDARD_LIBRARIES = YES;
			};
			name = Debug;
		};
		48F70A2E20B72DD00027B72D /* Release */ = {
			isa = XCBuildConfiguration;
			baseConfigurationReference = 48F70A4620B7F4590027B72D /* ZilliqaSDKTests-Release.xcconfig */;
			buildSettings = {
				ALWAYS_EMBED_SWIFT_STANDARD_LIBRARIES = YES;
			};
			name = Release;
		};
/* End XCBuildConfiguration section */

/* Begin XCConfigurationList section */
		48F70A0F20B72DCF0027B72D /* Build configuration list for PBXProject "ZilliqaSDK" */ = {
			isa = XCConfigurationList;
			buildConfigurations = (
				48F70A2720B72DD00027B72D /* Debug */,
				48F70A2820B72DD00027B72D /* Release */,
			);
			defaultConfigurationIsVisible = 0;
			defaultConfigurationName = Release;
		};
		48F70A2920B72DD00027B72D /* Build configuration list for PBXNativeTarget "ZilliqaSDK" */ = {
			isa = XCConfigurationList;
			buildConfigurations = (
				48F70A2A20B72DD00027B72D /* Debug */,
				48F70A2B20B72DD00027B72D /* Release */,
			);
			defaultConfigurationIsVisible = 0;
			defaultConfigurationName = Release;
		};
		48F70A2C20B72DD00027B72D /* Build configuration list for PBXNativeTarget "ZilliqaSDKTests" */ = {
			isa = XCConfigurationList;
			buildConfigurations = (
				48F70A2D20B72DD00027B72D /* Debug */,
				48F70A2E20B72DD00027B72D /* Release */,
			);
			defaultConfigurationIsVisible = 0;
			defaultConfigurationName = Release;
		};
/* End XCConfigurationList section */
	};
	rootObject = 48F70A0C20B72DCF0027B72D /* Project object */;
}
